// !$*UTF8*$!
{
	archiveVersion = 1;
	classes = {
	};
	objectVersion = 46;
	objects = {

/* Begin PBXBuildFile section */
		96D87D4F1D50616C00E9B528 /* main.m in Sources */ = {isa = PBXBuildFile; fileRef = 96D87D4E1D50616C00E9B528 /* main.m */; };
		96D87D521D50616C00E9B528 /* AppDelegate.m in Sources */ = {isa = PBXBuildFile; fileRef = 96D87D511D50616C00E9B528 /* AppDelegate.m */; };
		96D87D551D50616C00E9B528 /* ViewController.m in Sources */ = {isa = PBXBuildFile; fileRef = 96D87D541D50616C00E9B528 /* ViewController.m */; };
		96D87D581D50616C00E9B528 /* Main.storyboard in Resources */ = {isa = PBXBuildFile; fileRef = 96D87D561D50616C00E9B528 /* Main.storyboard */; };
		96D87D5A1D50616C00E9B528 /* Assets.xcassets in Resources */ = {isa = PBXBuildFile; fileRef = 96D87D591D50616C00E9B528 /* Assets.xcassets */; };
		96D87D5D1D50616C00E9B528 /* LaunchScreen.storyboard in Resources */ = {isa = PBXBuildFile; fileRef = 96D87D5B1D50616C00E9B528 /* LaunchScreen.storyboard */; };
		96D87D691D5069B200E9B528 /* Government.m in Sources */ = {isa = PBXBuildFile; fileRef = 96D87D681D5069B200E9B528 /* Government.m */; };
		96D87D6C1D506A5700E9B528 /* Doctor.m in Sources */ = {isa = PBXBuildFile; fileRef = 96D87D6B1D506A5700E9B528 /* Doctor.m */; };
		96D87D6F1D506CBA00E9B528 /* Pensionary.m in Sources */ = {isa = PBXBuildFile; fileRef = 96D87D6E1D506CBA00E9B528 /* Pensionary.m */; };
		96D87D721D506D3700E9B528 /* Businessman.m in Sources */ = {isa = PBXBuildFile; fileRef = 96D87D711D506D3700E9B528 /* Businessman.m */; };
		96D87D751D51D89B00E9B528 /* MyAppDelegate.m in Sources */ = {isa = PBXBuildFile; fileRef = 96D87D741D51D89B00E9B528 /* MyAppDelegate.m */; };
/* End PBXBuildFile section */

/* Begin PBXFileReference section */
		96D87D4A1D50616C00E9B528 /* Notification.app */ = {isa = PBXFileReference; explicitFileType = wrapper.application; includeInIndex = 0; path = Notification.app; sourceTree = BUILT_PRODUCTS_DIR; };
		96D87D4E1D50616C00E9B528 /* main.m */ = {isa = PBXFileReference; lastKnownFileType = sourcecode.c.objc; path = main.m; sourceTree = "<group>"; };
		96D87D501D50616C00E9B528 /* AppDelegate.h */ = {isa = PBXFileReference; lastKnownFileType = sourcecode.c.h; path = AppDelegate.h; sourceTree = "<group>"; };
		96D87D511D50616C00E9B528 /* AppDelegate.m */ = {isa = PBXFileReference; lastKnownFileType = sourcecode.c.objc; path = AppDelegate.m; sourceTree = "<group>"; };
		96D87D531D50616C00E9B528 /* ViewController.h */ = {isa = PBXFileReference; lastKnownFileType = sourcecode.c.h; path = ViewController.h; sourceTree = "<group>"; };
		96D87D541D50616C00E9B528 /* ViewController.m */ = {isa = PBXFileReference; lastKnownFileType = sourcecode.c.objc; path = ViewController.m; sourceTree = "<group>"; };
		96D87D571D50616C00E9B528 /* Base */ = {isa = PBXFileReference; lastKnownFileType = file.storyboard; name = Base; path = Base.lproj/Main.storyboard; sourceTree = "<group>"; };
		96D87D591D50616C00E9B528 /* Assets.xcassets */ = {isa = PBXFileReference; lastKnownFileType = folder.assetcatalog; path = Assets.xcassets; sourceTree = "<group>"; };
		96D87D5C1D50616C00E9B528 /* Base */ = {isa = PBXFileReference; lastKnownFileType = file.storyboard; name = Base; path = Base.lproj/LaunchScreen.storyboard; sourceTree = "<group>"; };
		96D87D5E1D50616C00E9B528 /* Info.plist */ = {isa = PBXFileReference; lastKnownFileType = text.plist.xml; path = Info.plist; sourceTree = "<group>"; };
		96D87D671D5069B200E9B528 /* Government.h */ = {isa = PBXFileReference; fileEncoding = 4; lastKnownFileType = sourcecode.c.h; path = Government.h; sourceTree = "<group>"; };
		96D87D681D5069B200E9B528 /* Government.m */ = {isa = PBXFileReference; fileEncoding = 4; lastKnownFileType = sourcecode.c.objc; path = Government.m; sourceTree = "<group>"; };
		96D87D6A1D506A5700E9B528 /* Doctor.h */ = {isa = PBXFileReference; fileEncoding = 4; lastKnownFileType = sourcecode.c.h; path = Doctor.h; sourceTree = "<group>"; };
		96D87D6B1D506A5700E9B528 /* Doctor.m */ = {isa = PBXFileReference; fileEncoding = 4; lastKnownFileType = sourcecode.c.objc; path = Doctor.m; sourceTree = "<group>"; };
		96D87D6D1D506CBA00E9B528 /* Pensionary.h */ = {isa = PBXFileReference; fileEncoding = 4; lastKnownFileType = sourcecode.c.h; path = Pensionary.h; sourceTree = "<group>"; };
		96D87D6E1D506CBA00E9B528 /* Pensionary.m */ = {isa = PBXFileReference; fileEncoding = 4; lastKnownFileType = sourcecode.c.objc; path = Pensionary.m; sourceTree = "<group>"; };
		96D87D701D506D3700E9B528 /* Businessman.h */ = {isa = PBXFileReference; fileEncoding = 4; lastKnownFileType = sourcecode.c.h; path = Businessman.h; sourceTree = "<group>"; };
		96D87D711D506D3700E9B528 /* Businessman.m */ = {isa = PBXFileReference; fileEncoding = 4; lastKnownFileType = sourcecode.c.objc; path = Businessman.m; sourceTree = "<group>"; };
		96D87D731D51D89B00E9B528 /* MyAppDelegate.h */ = {isa = PBXFileReference; fileEncoding = 4; lastKnownFileType = sourcecode.c.h; path = MyAppDelegate.h; sourceTree = "<group>"; };
		96D87D741D51D89B00E9B528 /* MyAppDelegate.m */ = {isa = PBXFileReference; fileEncoding = 4; lastKnownFileType = sourcecode.c.objc; path = MyAppDelegate.m; sourceTree = "<group>"; };
/* End PBXFileReference section */

/* Begin PBXFrameworksBuildPhase section */
		96D87D471D50616C00E9B528 /* Frameworks */ = {
			isa = PBXFrameworksBuildPhase;
			buildActionMask = 2147483647;
			files = (
			);
			runOnlyForDeploymentPostprocessing = 0;
		};
/* End PBXFrameworksBuildPhase section */

/* Begin PBXGroup section */
		96D87D411D50616C00E9B528 = {
			isa = PBXGroup;
			children = (
				96D87D4C1D50616C00E9B528 /* Notification */,
				96D87D4B1D50616C00E9B528 /* Products */,
			);
			sourceTree = "<group>";
		};
		96D87D4B1D50616C00E9B528 /* Products */ = {
			isa = PBXGroup;
			children = (
				96D87D4A1D50616C00E9B528 /* Notification.app */,
			);
			name = Products;
			sourceTree = "<group>";
		};
		96D87D4C1D50616C00E9B528 /* Notification */ = {
			isa = PBXGroup;
			children = (
				96D87D501D50616C00E9B528 /* AppDelegate.h */,
				96D87D511D50616C00E9B528 /* AppDelegate.m */,
				96D87D731D51D89B00E9B528 /* MyAppDelegate.h */,
				96D87D741D51D89B00E9B528 /* MyAppDelegate.m */,
				96D87D701D506D3700E9B528 /* Businessman.h */,
				96D87D711D506D3700E9B528 /* Businessman.m */,
				96D87D6A1D506A5700E9B528 /* Doctor.h */,
				96D87D6B1D506A5700E9B528 /* Doctor.m */,
				96D87D671D5069B200E9B528 /* Government.h */,
				96D87D681D5069B200E9B528 /* Government.m */,
				96D87D6D1D506CBA00E9B528 /* Pensionary.h */,
				96D87D6E1D506CBA00E9B528 /* Pensionary.m */,
				96D87D531D50616C00E9B528 /* ViewController.h */,
				96D87D541D50616C00E9B528 /* ViewController.m */,
				96D87D561D50616C00E9B528 /* Main.storyboard */,
				96D87D591D50616C00E9B528 /* Assets.xcassets */,
				96D87D5B1D50616C00E9B528 /* LaunchScreen.storyboard */,
				96D87D5E1D50616C00E9B528 /* Info.plist */,
				96D87D4D1D50616C00E9B528 /* Supporting Files */,
			);
			path = Notification;
			sourceTree = "<group>";
		};
		96D87D4D1D50616C00E9B528 /* Supporting Files */ = {
			isa = PBXGroup;
			children = (
				96D87D4E1D50616C00E9B528 /* main.m */,
			);
			name = "Supporting Files";
			sourceTree = "<group>";
		};
/* End PBXGroup section */

/* Begin PBXNativeTarget section */
		96D87D491D50616C00E9B528 /* Notification */ = {
			isa = PBXNativeTarget;
			buildConfigurationList = 96D87D611D50616C00E9B528 /* Build configuration list for PBXNativeTarget "Notification" */;
			buildPhases = (
				96D87D461D50616C00E9B528 /* Sources */,
				96D87D471D50616C00E9B528 /* Frameworks */,
				96D87D481D50616C00E9B528 /* Resources */,
			);
			buildRules = (
			);
			dependencies = (
			);
			name = Notification;
			productName = Notification;
			productReference = 96D87D4A1D50616C00E9B528 /* Notification.app */;
			productType = "com.apple.product-type.application";
		};
/* End PBXNativeTarget section */

/* Begin PBXProject section */
		96D87D421D50616C00E9B528 /* Project object */ = {
			isa = PBXProject;
			attributes = {
				LastUpgradeCheck = 0730;
				ORGANIZATIONNAME = EnzoF;
				TargetAttributes = {
					96D87D491D50616C00E9B528 = {
						CreatedOnToolsVersion = 7.3.1;
						DevelopmentTeam = FTL8887NNR;
					};
				};
			};
			buildConfigurationList = 96D87D451D50616C00E9B528 /* Build configuration list for PBXProject "Notification" */;
			compatibilityVersion = "Xcode 3.2";
			developmentRegion = English;
			hasScannedForEncodings = 0;
			knownRegions = (
				en,
				Base,
			);
			mainGroup = 96D87D411D50616C00E9B528;
			productRefGroup = 96D87D4B1D50616C00E9B528 /* Products */;
			projectDirPath = "";
			projectRoot = "";
			targets = (
				96D87D491D50616C00E9B528 /* Notification */,
			);
		};
/* End PBXProject section */

/* Begin PBXResourcesBuildPhase section */
		96D87D481D50616C00E9B528 /* Resources */ = {
			isa = PBXResourcesBuildPhase;
			buildActionMask = 2147483647;
			files = (
				96D87D5D1D50616C00E9B528 /* LaunchScreen.storyboard in Resources */,
				96D87D5A1D50616C00E9B528 /* Assets.xcassets in Resources */,
				96D87D581D50616C00E9B528 /* Main.storyboard in Resources */,
			);
			runOnlyForDeploymentPostprocessing = 0;
		};
/* End PBXResourcesBuildPhase section */

/* Begin PBXSourcesBuildPhase section */
		96D87D461D50616C00E9B528 /* Sources */ = {
			isa = PBXSourcesBuildPhase;
			buildActionMask = 2147483647;
			files = (
				96D87D691D5069B200E9B528 /* Government.m in Sources */,
				96D87D6F1D506CBA00E9B528 /* Pensionary.m in Sources */,
				96D87D551D50616C00E9B528 /* ViewController.m in Sources */,
				96D87D521D50616C00E9B528 /* AppDelegate.m in Sources */,
				96D87D751D51D89B00E9B528 /* MyAppDelegate.m in Sources */,
				96D87D4F1D50616C00E9B528 /* main.m in Sources */,
				96D87D6C1D506A5700E9B528 /* Doctor.m in Sources */,
				96D87D721D506D3700E9B528 /* Businessman.m in Sources */,
			);
			runOnlyForDeploymentPostprocessing = 0;
		};
/* End PBXSourcesBuildPhase section */

/* Begin PBXVariantGroup section */
		96D87D561D50616C00E9B528 /* Main.storyboard */ = {
			isa = PBXVariantGroup;
			children = (
				96D87D571D50616C00E9B528 /* Base */,
			);
			name = Main.storyboard;
			sourceTree = "<group>";
		};
		96D87D5B1D50616C00E9B528 /* LaunchScreen.storyboard */ = {
			isa = PBXVariantGroup;
			children = (
				96D87D5C1D50616C00E9B528 /* Base */,
			);
			name = LaunchScreen.storyboard;
			sourceTree = "<group>";
		};
/* End PBXVariantGroup section */

/* Begin XCBuildConfiguration section */
		96D87D5F1D50616C00E9B528 /* Debug */ = {
			isa = XCBuildConfiguration;
			buildSettings = {
				ALWAYS_SEARCH_USER_PATHS = NO;
				CLANG_ANALYZER_NONNULL = YES;
				CLANG_CXX_LANGUAGE_STANDARD = "gnu++0x";
				CLANG_CXX_LIBRARY = "libc++";
				CLANG_ENABLE_MODULES = YES;
				CLANG_ENABLE_OBJC_ARC = YES;
				CLANG_WARN_BOOL_CONVERSION = YES;
				CLANG_WARN_CONSTANT_CONVERSION = YES;
				CLANG_WARN_DIRECT_OBJC_ISA_USAGE = YES_ERROR;
				CLANG_WARN_EMPTY_BODY = YES;
				CLANG_WARN_ENUM_CONVERSION = YES;
				CLANG_WARN_INT_CONVERSION = YES;
				CLANG_WARN_OBJC_ROOT_CLASS = YES_ERROR;
				CLANG_WARN_UNREACHABLE_CODE = YES;
				CLANG_WARN__DUPLICATE_METHOD_MATCH = YES;
				"CODE_SIGN_IDENTITY[sdk=iphoneos*]" = "iPhone Developer";
				COPY_PHASE_STRIP = NO;
				DEBUG_INFORMATION_FORMAT = dwarf;
				ENABLE_STRICT_OBJC_MSGSEND = YES;
				ENABLE_TESTABILITY = YES;
				GCC_C_LANGUAGE_STANDARD = gnu99;
				GCC_DYNAMIC_NO_PIC = NO;
				GCC_NO_COMMON_BLOCKS = YES;
				GCC_OPTIMIZATION_LEVEL = 0;
				GCC_PREPROCESSOR_DEFINITIONS = (
					"DEBUG=1",
					"$(inherited)",
				);
				GCC_WARN_64_TO_32_BIT_CONVERSION = YES;
				GCC_WARN_ABOUT_RETURN_TYPE = YES_ERROR;
				GCC_WARN_UNDECLARED_SELECTOR = YES;
				GCC_WARN_UNINITIALIZED_AUTOS = YES_AGGRESSIVE;
				GCC_WARN_UNUSED_FUNCTION = YES;
				GCC_WARN_UNUSED_VARIABLE = YES;
				IPHONEOS_DEPLOYMENT_TARGET = 9.3;
				MTL_ENABLE_DEBUG_INFO = YES;
				ONLY_ACTIVE_ARCH = YES;
				SDKROOT = iphoneos;
				TARGETED_DEVICE_FAMILY = "1,2";
			};
			name = Debug;
		};
		96D87D601D50616C00E9B528 /* Release */ = {
			isa = XCBuildConfiguration;
			buildSettings = {
				ALWAYS_SEARCH_USER_PATHS = NO;
				CLANG_ANALYZER_NONNULL = YES;
				CLANG_CXX_LANGUAGE_STANDARD = "gnu++0x";
				CLANG_CXX_LIBRARY = "libc++";
				CLANG_ENABLE_MODULES = YES;
				CLANG_ENABLE_OBJC_ARC = YES;
				CLANG_WARN_BOOL_CONVERSION = YES;
				CLANG_WARN_CONSTANT_CONVERSION = YES;
				CLANG_WARN_DIRECT_OBJC_ISA_USAGE = YES_ERROR;
				CLANG_WARN_EMPTY_BODY = YES;
				CLANG_WARN_ENUM_CONVERSION = YES;
				CLANG_WARN_INT_CONVERSION = YES;
				CLANG_WARN_OBJC_ROOT_CLASS = YES_ERROR;
				CLANG_WARN_UNREACHABLE_CODE = YES;
				CLANG_WARN__DUPLICATE_METHOD_MATCH = YES;
				"CODE_SIGN_IDENTITY[sdk=iphoneos*]" = "iPhone Developer";
				COPY_PHASE_STRIP = NO;
				DEBUG_INFORMATION_FORMAT = "dwarf-with-dsym";
				ENABLE_NS_ASSERTIONS = NO;
				ENABLE_STRICT_OBJC_MSGSEND = YES;
				GCC_C_LANGUAGE_STANDARD = gnu99;
				GCC_NO_COMMON_BLOCKS = YES;
				GCC_WARN_64_TO_32_BIT_CONVERSION = YES;
				GCC_WARN_ABOUT_RETURN_TYPE = YES_ERROR;
				GCC_WARN_UNDECLARED_SELECTOR = YES;
				GCC_WARN_UNINITIALIZED_AUTOS = YES_AGGRESSIVE;
				GCC_WARN_UNUSED_FUNCTION = YES;
				GCC_WARN_UNUSED_VARIABLE = YES;
				IPHONEOS_DEPLOYMENT_TARGET = 9.3;
				MTL_ENABLE_DEBUG_INFO = NO;
				SDKROOT = iphoneos;
				TARGETED_DEVICE_FAMILY = "1,2";
				VALIDATE_PRODUCT = YES;
			};
			name = Release;
		};
		96D87D621D50616C00E9B528 /* Debug */ = {
			isa = XCBuildConfiguration;
			buildSettings = {
				ASSETCATALOG_COMPILER_APPICON_NAME = AppIcon;
				INFOPLIST_FILE = Notification/Info.plist;
				LD_RUNPATH_SEARCH_PATHS = "$(inherited) @executable_path/Frameworks";
				PRODUCT_BUNDLE_IDENTIFIER = com.EFCompany.Notification;
				PRODUCT_NAME = "$(TARGET_NAME)";
			};
			name = Debug;
		};
		96D87D631D50616C00E9B528 /* Release */ = {
			isa = XCBuildConfiguration;
			buildSettings = {
				ASSETCATALOG_COMPILER_APPICON_NAME = AppIcon;
				INFOPLIST_FILE = Notification/Info.plist;
				LD_RUNPATH_SEARCH_PATHS = "$(inherited) @executable_path/Frameworks";
				PRODUCT_BUNDLE_IDENTIFIER = com.EFCompany.Notification;
				PRODUCT_NAME = "$(TARGET_NAME)";
			};
			name = Release;
		};
/* End XCBuildConfiguration section */

/* Begin XCConfigurationList section */
		96D87D451D50616C00E9B528 /* Build configuration list for PBXProject "Notification" */ = {
			isa = XCConfigurationList;
			buildConfigurations = (
				96D87D5F1D50616C00E9B528 /* Debug */,
				96D87D601D50616C00E9B528 /* Release */,
			);
			defaultConfigurationIsVisible = 0;
			defaultConfigurationName = Release;
		};
		96D87D611D50616C00E9B528 /* Build configuration list for PBXNativeTarget "Notification" */ = {
			isa = XCConfigurationList;
			buildConfigurations = (
				96D87D621D50616C00E9B528 /* Debug */,
				96D87D631D50616C00E9B528 /* Release */,
			);
			defaultConfigurationIsVisible = 0;
		};
/* End XCConfigurationList section */
	};
	rootObject = 96D87D421D50616C00E9B528 /* Project object */;
}
